
Microsoft Visual Studio Solution File, Format Version 12.00
# Visual Studio Version 16
VisualStudioVersion = 16.0.29324.140
MinimumVisualStudioVersion = 10.0.40219.1
Project("{FAE04EC0-301F-11D3-BF4B-00C04F79EFBC}") = "PlanBrochureCore3", "PlanBrochureCore3.csproj", "{AA871238-42F9-4A72-9DFF-8B352FA5E9BF}"
EndProject
Global
	GlobalSection(SolutionConfigurationPlatforms) = preSolution
		Debug|Any CPU = Debug|Any CPU
		Release|Any CPU = Release|Any CPU
	EndGlobalSection
	GlobalSection(ProjectConfigurationPlatforms) = postSolution
		{AA871238-42F9-4A72-9DFF-8B352FA5E9BF}.Debug|Any CPU.ActiveCfg = Debug|Any CPU
		{AA871238-42F9-4A72-9DFF-8B352FA5E9BF}.Debug|Any CPU.Build.0 = Debug|Any CPU
		{AA871238-42F9-4A72-9DFF-8B352FA5E9BF}.Release|Any CPU.ActiveCfg = Release|Any CPU
		{AA871238-42F9-4A72-9DFF-8B352FA5E9BF}.Release|Any CPU.Build.0 = Release|Any CPU
	EndGlobalSection
	GlobalSection(SolutionProperties) = preSolution
		HideSolutionNode = FALSE
	EndGlobalSection
	GlobalSection(ExtensibilityGlobals) = postSolution
		SolutionGuid = {7E209221-CD86-4710-9660-5A9B58B215E9}
	EndGlobalSection
EndGlobal
